
Microsoft Visual Studio Solution File, Format Version 12.00
# Visual Studio Version 16
VisualStudioVersion = 16.0.32901.82
MinimumVisualStudioVersion = 10.0.40219.1
Project("{FAE04EC0-301F-11D3-BF4B-00C04F79EFBC}") = "Apple_Dolls", "Apple_Dolls.csproj", "{655799F8-975E-4F93-BD38-92FD9A4A13A3}"
EndProject
Global
	GlobalSection(SolutionConfigurationPlatforms) = preSolution
		Debug|Any CPU = Debug|Any CPU
		Release|Any CPU = Release|Any CPU
	EndGlobalSection
	GlobalSection(ProjectConfigurationPlatforms) = postSolution
		{655799F8-975E-4F93-BD38-92FD9A4A13A3}.Debug|Any CPU.ActiveCfg = Debug|Any CPU
		{655799F8-975E-4F93-BD38-92FD9A4A13A3}.Debug|Any CPU.Build.0 = Debug|Any CPU
		{655799F8-975E-4F93-BD38-92FD9A4A13A3}.Release|Any CPU.ActiveCfg = Release|Any CPU
		{655799F8-975E-4F93-BD38-92FD9A4A13A3}.Release|Any CPU.Build.0 = Release|Any CPU
	EndGlobalSection
	GlobalSection(SolutionProperties) = preSolution
		HideSolutionNode = FALSE
	EndGlobalSection
	GlobalSection(ExtensibilityGlobals) = postSolution
		SolutionGuid = {824AF8AA-8812-4A1E-A9F1-085C17476C1A}
	EndGlobalSection
EndGlobal
